
Microsoft Visual Studio Solution File, Format Version 12.00
# Visual Studio 15
VisualStudioVersion = 15.0.27703.2042
MinimumVisualStudioVersion = 10.0.40219.1
Project("{FAE04EC0-301F-11D3-BF4B-00C04F79EFBC}") = "FishFactory", "FishFactory\FishFactory.csproj", "{D26E7CBB-F3E9-4A82-9282-93550572BE0A}"
EndProject
Global
	GlobalSection(SolutionConfigurationPlatforms) = preSolution
		Debug|Any CPU = Debug|Any CPU
		Release|Any CPU = Release|Any CPU
	EndGlobalSection
	GlobalSection(ProjectConfigurationPlatforms) = postSolution
		{D26E7CBB-F3E9-4A82-9282-93550572BE0A}.Debug|Any CPU.ActiveCfg = Debug|Any CPU
		{D26E7CBB-F3E9-4A82-9282-93550572BE0A}.Debug|Any CPU.Build.0 = Debug|Any CPU
		{D26E7CBB-F3E9-4A82-9282-93550572BE0A}.Release|Any CPU.ActiveCfg = Release|Any CPU
		{D26E7CBB-F3E9-4A82-9282-93550572BE0A}.Release|Any CPU.Build.0 = Release|Any CPU
	EndGlobalSection
	GlobalSection(SolutionProperties) = preSolution
		HideSolutionNode = FALSE
	EndGlobalSection
	GlobalSection(ExtensibilityGlobals) = postSolution
		SolutionGuid = {B74BD8A2-CD49-4666-9A17-BC485A993046}
	EndGlobalSection
EndGlobal
